
Microsoft Visual Studio Solution File, Format Version 12.00
# Visual Studio 15
VisualStudioVersion = 15.0.27428.2002
MinimumVisualStudioVersion = 10.0.40219.1
Project("{FAE04EC0-301F-11D3-BF4B-00C04F79EFBC}") = "Query", "Query\Query.csproj", "{FA1B082C-C798-420A-896B-655735B94479}"
EndProject
Global
	GlobalSection(SolutionConfigurationPlatforms) = preSolution
		Debug|ARM = Debug|ARM
		Debug|x64 = Debug|x64
		Debug|x86 = Debug|x86
		Release|ARM = Release|ARM
		Release|x64 = Release|x64
		Release|x86 = Release|x86
	EndGlobalSection
	GlobalSection(ProjectConfigurationPlatforms) = postSolution
		{FA1B082C-C798-420A-896B-655735B94479}.Debug|ARM.ActiveCfg = Debug|ARM
		{FA1B082C-C798-420A-896B-655735B94479}.Debug|ARM.Build.0 = Debug|ARM
		{FA1B082C-C798-420A-896B-655735B94479}.Debug|ARM.Deploy.0 = Debug|ARM
		{FA1B082C-C798-420A-896B-655735B94479}.Debug|x64.ActiveCfg = Debug|x64
		{FA1B082C-C798-420A-896B-655735B94479}.Debug|x64.Build.0 = Debug|x64
		{FA1B082C-C798-420A-896B-655735B94479}.Debug|x64.Deploy.0 = Debug|x64
		{FA1B082C-C798-420A-896B-655735B94479}.Debug|x86.ActiveCfg = Debug|x86
		{FA1B082C-C798-420A-896B-655735B94479}.Debug|x86.Build.0 = Debug|x86
		{FA1B082C-C798-420A-896B-655735B94479}.Debug|x86.Deploy.0 = Debug|x86
		{FA1B082C-C798-420A-896B-655735B94479}.Release|ARM.ActiveCfg = Release|ARM
		{FA1B082C-C798-420A-896B-655735B94479}.Release|ARM.Build.0 = Release|ARM
		{FA1B082C-C798-420A-896B-655735B94479}.Release|ARM.Deploy.0 = Release|ARM
		{FA1B082C-C798-420A-896B-655735B94479}.Release|x64.ActiveCfg = Release|x64
		{FA1B082C-C798-420A-896B-655735B94479}.Release|x64.Build.0 = Release|x64
		{FA1B082C-C798-420A-896B-655735B94479}.Release|x64.Deploy.0 = Release|x64
		{FA1B082C-C798-420A-896B-655735B94479}.Release|x86.ActiveCfg = Release|x86
		{FA1B082C-C798-420A-896B-655735B94479}.Release|x86.Build.0 = Release|x86
		{FA1B082C-C798-420A-896B-655735B94479}.Release|x86.Deploy.0 = Release|x86
	EndGlobalSection
	GlobalSection(SolutionProperties) = preSolution
		HideSolutionNode = FALSE
	EndGlobalSection
	GlobalSection(ExtensibilityGlobals) = postSolution
		SolutionGuid = {3B53B86F-6E58-4BFD-A94E-5ECED0BE9E71}
	EndGlobalSection
EndGlobal
